
Microsoft Visual Studio Solution File, Format Version 12.00
# Visual Studio 15
VisualStudioVersion = 15.0.27703.2035
MinimumVisualStudioVersion = 10.0.40219.1
Project("{FAE04EC0-301F-11D3-BF4B-00C04F79EFBC}") = "WikiScrape01", "WikiScrape01\WikiScrape01.csproj", "{140F6B79-B44E-4D72-91A9-D237C587BC01}"
EndProject
Global
	GlobalSection(SolutionConfigurationPlatforms) = preSolution
		Debug|Any CPU = Debug|Any CPU
		Release|Any CPU = Release|Any CPU
	EndGlobalSection
	GlobalSection(ProjectConfigurationPlatforms) = postSolution
		{140F6B79-B44E-4D72-91A9-D237C587BC01}.Debug|Any CPU.ActiveCfg = Debug|Any CPU
		{140F6B79-B44E-4D72-91A9-D237C587BC01}.Debug|Any CPU.Build.0 = Debug|Any CPU
		{140F6B79-B44E-4D72-91A9-D237C587BC01}.Release|Any CPU.ActiveCfg = Release|Any CPU
		{140F6B79-B44E-4D72-91A9-D237C587BC01}.Release|Any CPU.Build.0 = Release|Any CPU
	EndGlobalSection
	GlobalSection(SolutionProperties) = preSolution
		HideSolutionNode = FALSE
	EndGlobalSection
	GlobalSection(ExtensibilityGlobals) = postSolution
		SolutionGuid = {EEFD6EE5-9400-40D3-8F72-91BA10054EBD}
	EndGlobalSection
EndGlobal
